
Microsoft Visual Studio Solution File, Format Version 12.00
# Visual Studio Version 17
VisualStudioVersion = 17.9.34701.34
MinimumVisualStudioVersion = 10.0.40219.1
Project("{FAE04EC0-301F-11D3-BF4B-00C04F79EFBC}") = "WebApi", "SettlementBookingServiceApi\WebApi.csproj", "{D9F7A6DA-5D8B-45DE-937A-FB876CDF4ACD}"
EndProject
Global
	GlobalSection(SolutionConfigurationPlatforms) = preSolution
		Debug|Any CPU = Debug|Any CPU
		Release|Any CPU = Release|Any CPU
	EndGlobalSection
	GlobalSection(ProjectConfigurationPlatforms) = postSolution
		{D9F7A6DA-5D8B-45DE-937A-FB876CDF4ACD}.Debug|Any CPU.ActiveCfg = Debug|Any CPU
		{D9F7A6DA-5D8B-45DE-937A-FB876CDF4ACD}.Debug|Any CPU.Build.0 = Debug|Any CPU
		{D9F7A6DA-5D8B-45DE-937A-FB876CDF4ACD}.Release|Any CPU.ActiveCfg = Release|Any CPU
		{D9F7A6DA-5D8B-45DE-937A-FB876CDF4ACD}.Release|Any CPU.Build.0 = Release|Any CPU
	EndGlobalSection
	GlobalSection(SolutionProperties) = preSolution
		HideSolutionNode = FALSE
	EndGlobalSection
	GlobalSection(ExtensibilityGlobals) = postSolution
		SolutionGuid = {C38CC6EA-DC11-4D73-890C-2A2FEEC568BA}
	EndGlobalSection
EndGlobal
